// !$*UTF8*$!
{
	archiveVersion = 1;
	classes = {
	};
	objectVersion = 77;
	objects = {

/* Begin PBXContainerItemProxy section */
		005AE5342DA8DEED00C8DEEB /* PBXContainerItemProxy */ = {
			isa = PBXContainerItemProxy;
			containerPortal = 005AE51E2DA8DEEC00C8DEEB /* Project object */;
			proxyType = 1;
			remoteGlobalIDString = 005AE5252DA8DEEC00C8DEEB;
			remoteInfo = abelog;
		};
		005AE53E2DA8DEED00C8DEEB /* PBXContainerItemProxy */ = {
			isa = PBXContainerItemProxy;
			containerPortal = 005AE51E2DA8DEEC00C8DEEB /* Project object */;
			proxyType = 1;
			remoteGlobalIDString = 005AE5252DA8DEEC00C8DEEB;
			remoteInfo = abelog;
		};
/* End PBXContainerItemProxy section */

/* Begin PBXFileReference section */
		005AE5262DA8DEEC00C8DEEB /* abelog.app */ = {isa = PBXFileReference; explicitFileType = wrapper.application; includeInIndex = 0; path = abelog.app; sourceTree = BUILT_PRODUCTS_DIR; };
		005AE5332DA8DEED00C8DEEB /* abelogTests.xctest */ = {isa = PBXFileReference; explicitFileType = wrapper.cfbundle; includeInIndex = 0; path = abelogTests.xctest; sourceTree = BUILT_PRODUCTS_DIR; };
		005AE53D2DA8DEED00C8DEEB /* abelogUITests.xctest */ = {isa = PBXFileReference; explicitFileType = wrapper.cfbundle; includeInIndex = 0; path = abelogUITests.xctest; sourceTree = BUILT_PRODUCTS_DIR; };
/* End PBXFileReference section */

/* Begin PBXFileSystemSynchronizedBuildFileExceptionSet section */
		00D2ECC52DA8FB0700EEECD9 /* Exceptions for "abelog" folder in "abelog" target */ = {
			isa = PBXFileSystemSynchronizedBuildFileExceptionSet;
			membershipExceptions = (
				Info.plist,
			);
			target = 005AE5252DA8DEEC00C8DEEB /* abelog */;
		};
/* End PBXFileSystemSynchronizedBuildFileExceptionSet section */

/* Begin PBXFileSystemSynchronizedRootGroup section */
		005AE5282DA8DEEC00C8DEEB /* abelog */ = {
			isa = PBXFileSystemSynchronizedRootGroup;
			exceptions = (
				00D2ECC52DA8FB0700EEECD9 /* Exceptions for "abelog" folder in "abelog" target */,
			);
			path = abelog;
			sourceTree = "<group>";
		};
		005AE5362DA8DEED00C8DEEB /* abelogTests */ = {
			isa = PBXFileSystemSynchronizedRootGroup;
			path = abelogTests;
			sourceTree = "<group>";
		};
		005AE5402DA8DEED00C8DEEB /* abelogUITests */ = {
			isa = PBXFileSystemSynchronizedRootGroup;
			path = abelogUITests;
			sourceTree = "<group>";
		};
/* End PBXFileSystemSynchronizedRootGroup section */

/* Begin PBXFrameworksBuildPhase section */
		005AE5232DA8DEEC00C8DEEB /* Frameworks */ = {
			isa = PBXFrameworksBuildPhase;
			buildActionMask = 2147483647;
			files = (
			);
			runOnlyForDeploymentPostprocessing = 0;
		};
		005AE5302DA8DEED00C8DEEB /* Frameworks */ = {
			isa = PBXFrameworksBuildPhase;
			buildActionMask = 2147483647;
			files = (
			);
			runOnlyForDeploymentPostprocessing = 0;
		};
		005AE53A2DA8DEED00C8DEEB /* Frameworks */ = {
			isa = PBXFrameworksBuildPhase;
			buildActionMask = 2147483647;
			files = (
			);
			runOnlyForDeploymentPostprocessing = 0;
		};
/* End PBXFrameworksBuildPhase section */

/* Begin PBXGroup section */
		005AE51D2DA8DEEC00C8DEEB = {
			isa = PBXGroup;
			children = (
				005AE5282DA8DEEC00C8DEEB /* abelog */,
				005AE5362DA8DEED00C8DEEB /* abelogTests */,
				005AE5402DA8DEED00C8DEEB /* abelogUITests */,
				005AE5272DA8DEEC00C8DEEB /* Products */,
			);
			sourceTree = "<group>";
		};
		005AE5272DA8DEEC00C8DEEB /* Products */ = {
			isa = PBXGroup;
			children = (
				005AE5262DA8DEEC00C8DEEB /* abelog.app */,
				005AE5332DA8DEED00C8DEEB /* abelogTests.xctest */,
				005AE53D2DA8DEED00C8DEEB /* abelogUITests.xctest */,
			);
			name = Products;
			sourceTree = "<group>";
		};
/* End PBXGroup section */

/* Begin PBXNativeTarget section */
		005AE5252DA8DEEC00C8DEEB /* abelog */ = {
			isa = PBXNativeTarget;
			buildConfigurationList = 005AE5472DA8DEED00C8DEEB /* Build configuration list for PBXNativeTarget "abelog" */;
			buildPhases = (
				005AE5222DA8DEEC00C8DEEB /* Sources */,
				005AE5232DA8DEEC00C8DEEB /* Frameworks */,
				005AE5242DA8DEEC00C8DEEB /* Resources */,
			);
			buildRules = (
			);
			dependencies = (
			);
			fileSystemSynchronizedGroups = (
				005AE5282DA8DEEC00C8DEEB /* abelog */,
			);
			name = abelog;
			packageProductDependencies = (
			);
			productName = abelog;
			productReference = 005AE5262DA8DEEC00C8DEEB /* abelog.app */;
			productType = "com.apple.product-type.application";
		};
		005AE5322DA8DEED00C8DEEB /* abelogTests */ = {
			isa = PBXNativeTarget;
			buildConfigurationList = 005AE54A2DA8DEED00C8DEEB /* Build configuration list for PBXNativeTarget "abelogTests" */;
			buildPhases = (
				005AE52F2DA8DEED00C8DEEB /* Sources */,
				005AE5302DA8DEED00C8DEEB /* Frameworks */,
				005AE5312DA8DEED00C8DEEB /* Resources */,
			);
			buildRules = (
			);
			dependencies = (
				005AE5352DA8DEED00C8DEEB /* PBXTargetDependency */,
			);
			fileSystemSynchronizedGroups = (
				005AE5362DA8DEED00C8DEEB /* abelogTests */,
			);
			name = abelogTests;
			packageProductDependencies = (
			);
			productName = abelogTests;
			productReference = 005AE5332DA8DEED00C8DEEB /* abelogTests.xctest */;
			productType = "com.apple.product-type.bundle.unit-test";
		};
		005AE53C2DA8DEED00C8DEEB /* abelogUITests */ = {
			isa = PBXNativeTarget;
			buildConfigurationList = 005AE54D2DA8DEED00C8DEEB /* Build configuration list for PBXNativeTarget "abelogUITests" */;
			buildPhases = (
				005AE5392DA8DEED00C8DEEB /* Sources */,
				005AE53A2DA8DEED00C8DEEB /* Frameworks */,
				005AE53B2DA8DEED00C8DEEB /* Resources */,
			);
			buildRules = (
			);
			dependencies = (
				005AE53F2DA8DEED00C8DEEB /* PBXTargetDependency */,
			);
			fileSystemSynchronizedGroups = (
				005AE5402DA8DEED00C8DEEB /* abelogUITests */,
			);
			name = abelogUITests;
			packageProductDependencies = (
			);
			productName = abelogUITests;
			productReference = 005AE53D2DA8DEED00C8DEEB /* abelogUITests.xctest */;
			productType = "com.apple.product-type.bundle.ui-testing";
		};
/* End PBXNativeTarget section */

/* Begin PBXProject section */
		005AE51E2DA8DEEC00C8DEEB /* Project object */ = {
			isa = PBXProject;
			attributes = {
				BuildIndependentTargetsInParallel = 1;
				LastSwiftUpdateCheck = 1630;
				LastUpgradeCheck = 1630;
				TargetAttributes = {
					005AE5252DA8DEEC00C8DEEB = {
						CreatedOnToolsVersion = 16.3;
					};
					005AE5322DA8DEED00C8DEEB = {
						CreatedOnToolsVersion = 16.3;
						TestTargetID = 005AE5252DA8DEEC00C8DEEB;
					};
					005AE53C2DA8DEED00C8DEEB = {
						CreatedOnToolsVersion = 16.3;
						TestTargetID = 005AE5252DA8DEEC00C8DEEB;
					};
				};
			};
			buildConfigurationList = 005AE5212DA8DEEC00C8DEEB /* Build configuration list for PBXProject "abelog" */;
			developmentRegion = en;
			hasScannedForEncodings = 0;
			knownRegions = (
				en,
				Base,
			);
			mainGroup = 005AE51D2DA8DEEC00C8DEEB;
			minimizedProjectReferenceProxies = 1;
			preferredProjectObjectVersion = 77;
			productRefGroup = 005AE5272DA8DEEC00C8DEEB /* Products */;
			projectDirPath = "";
			projectRoot = "";
			targets = (
				005AE5252DA8DEEC00C8DEEB /* abelog */,
				005AE5322DA8DEED00C8DEEB /* abelogTests */,
				005AE53C2DA8DEED00C8DEEB /* abelogUITests */,
			);
		};
/* End PBXProject section */

/* Begin PBXResourcesBuildPhase section */
		005AE5242DA8DEEC00C8DEEB /* Resources */ = {
			isa = PBXResourcesBuildPhase;
			buildActionMask = 2147483647;
			files = (
			);
			runOnlyForDeploymentPostprocessing = 0;
		};
		005AE5312DA8DEED00C8DEEB /* Resources */ = {
			isa = PBXResourcesBuildPhase;
			buildActionMask = 2147483647;
			files = (
			);
			runOnlyForDeploymentPostprocessing = 0;
		};
		005AE53B2DA8DEED00C8DEEB /* Resources */ = {
			isa = PBXResourcesBuildPhase;
			buildActionMask = 2147483647;
			files = (
			);
			runOnlyForDeploymentPostprocessing = 0;
		};
/* End PBXResourcesBuildPhase section */

/* Begin PBXSourcesBuildPhase section */
		005AE5222DA8DEEC00C8DEEB /* Sources */ = {
			isa = PBXSourcesBuildPhase;
			buildActionMask = 2147483647;
			files = (
			);
			runOnlyForDeploymentPostprocessing = 0;
		};
		005AE52F2DA8DEED00C8DEEB /* Sources */ = {
			isa = PBXSourcesBuildPhase;
			buildActionMask = 2147483647;
			files = (
			);
			runOnlyForDeploymentPostprocessing = 0;
		};
		005AE5392DA8DEED00C8DEEB /* Sources */ = {
			isa = PBXSourcesBuildPhase;
			buildActionMask = 2147483647;
			files = (
			);
			runOnlyForDeploymentPostprocessing = 0;
		};
/* End PBXSourcesBuildPhase section */

/* Begin PBXTargetDependency section */
		005AE5352DA8DEED00C8DEEB /* PBXTargetDependency */ = {
			isa = PBXTargetDependency;
			target = 005AE5252DA8DEEC00C8DEEB /* abelog */;
			targetProxy = 005AE5342DA8DEED00C8DEEB /* PBXContainerItemProxy */;
		};
		005AE53F2DA8DEED00C8DEEB /* PBXTargetDependency */ = {
			isa = PBXTargetDependency;
			target = 005AE5252DA8DEEC00C8DEEB /* abelog */;
			targetProxy = 005AE53E2DA8DEED00C8DEEB /* PBXContainerItemProxy */;
		};
/* End PBXTargetDependency section */

/* Begin XCBuildConfiguration section */
		005AE5452DA8DEED00C8DEEB /* Debug */ = {
			isa = XCBuildConfiguration;
			buildSettings = {
				ALWAYS_SEARCH_USER_PATHS = NO;
				ASSETCATALOG_COMPILER_GENERATE_SWIFT_ASSET_SYMBOL_EXTENSIONS = YES;
				CLANG_ANALYZER_NONNULL = YES;
				CLANG_ANALYZER_NUMBER_OBJECT_CONVERSION = YES_AGGRESSIVE;
				CLANG_CXX_LANGUAGE_STANDARD = "gnu++20";
				CLANG_ENABLE_MODULES = YES;
				CLANG_ENABLE_OBJC_ARC = YES;
				CLANG_ENABLE_OBJC_WEAK = YES;
				CLANG_WARN_BLOCK_CAPTURE_AUTORELEASING = YES;
				CLANG_WARN_BOOL_CONVERSION = YES;
				CLANG_WARN_COMMA = YES;
				CLANG_WARN_CONSTANT_CONVERSION = YES;
				CLANG_WARN_DEPRECATED_OBJC_IMPLEMENTATIONS = YES;
				CLANG_WARN_DIRECT_OBJC_ISA_USAGE = YES_ERROR;
				CLANG_WARN_DOCUMENTATION_COMMENTS = YES;
				CLANG_WARN_EMPTY_BODY = YES;
				CLANG_WARN_ENUM_CONVERSION = YES;
				CLANG_WARN_INFINITE_RECURSION = YES;
				CLANG_WARN_INT_CONVERSION = YES;
				CLANG_WARN_NON_LITERAL_NULL_CONVERSION = YES;
				CLANG_WARN_OBJC_IMPLICIT_RETAIN_SELF = YES;
				CLANG_WARN_OBJC_LITERAL_CONVERSION = YES;
				CLANG_WARN_OBJC_ROOT_CLASS = YES_ERROR;
				CLANG_WARN_QUOTED_INCLUDE_IN_FRAMEWORK_HEADER = YES;
				CLANG_WARN_RANGE_LOOP_ANALYSIS = YES;
				CLANG_WARN_STRICT_PROTOTYPES = YES;
				CLANG_WARN_SUSPICIOUS_MOVE = YES;
				CLANG_WARN_UNGUARDED_AVAILABILITY = YES_AGGRESSIVE;
				CLANG_WARN_UNREACHABLE_CODE = YES;
				CLANG_WARN__DUPLICATE_METHOD_MATCH = YES;
				COPY_PHASE_STRIP = NO;
				DEBUG_INFORMATION_FORMAT = dwarf;
				DEVELOPMENT_TEAM = 3X7HFG8283;
				ENABLE_STRICT_OBJC_MSGSEND = YES;
				ENABLE_TESTABILITY = YES;
				ENABLE_USER_SCRIPT_SANDBOXING = YES;
				GCC_C_LANGUAGE_STANDARD = gnu17;
				GCC_DYNAMIC_NO_PIC = NO;
				GCC_NO_COMMON_BLOCKS = YES;
				GCC_OPTIMIZATION_LEVEL = 0;
				GCC_PREPROCESSOR_DEFINITIONS = (
					"DEBUG=1",
					"$(inherited)",
				);
				GCC_WARN_64_TO_32_BIT_CONVERSION = YES;
				GCC_WARN_ABOUT_RETURN_TYPE = YES_ERROR;
				GCC_WARN_UNDECLARED_SELECTOR = YES;
				GCC_WARN_UNINITIALIZED_AUTOS = YES_AGGRESSIVE;
				GCC_WARN_UNUSED_FUNCTION = YES;
				GCC_WARN_UNUSED_VARIABLE = YES;
				IPHONEOS_DEPLOYMENT_TARGET = 18.4;
				LOCALIZATION_PREFERS_STRING_CATALOGS = YES;
				MTL_ENABLE_DEBUG_INFO = INCLUDE_SOURCE;
				MTL_FAST_MATH = YES;
				ONLY_ACTIVE_ARCH = YES;
				SDKROOT = iphoneos;
				SWIFT_ACTIVE_COMPILATION_CONDITIONS = "DEBUG $(inherited)";
				SWIFT_OPTIMIZATION_LEVEL = "-Onone";
			};
			name = Debug;
		};
		005AE5462DA8DEED00C8DEEB /* Release */ = {
			isa = XCBuildConfiguration;
			buildSettings = {
				ALWAYS_SEARCH_USER_PATHS = NO;
				ASSETCATALOG_COMPILER_GENERATE_SWIFT_ASSET_SYMBOL_EXTENSIONS = YES;
				CLANG_ANALYZER_NONNULL = YES;
				CLANG_ANALYZER_NUMBER_OBJECT_CONVERSION = YES_AGGRESSIVE;
				CLANG_CXX_LANGUAGE_STANDARD = "gnu++20";
				CLANG_ENABLE_MODULES = YES;
				CLANG_ENABLE_OBJC_ARC = YES;
				CLANG_ENABLE_OBJC_WEAK = YES;
				CLANG_WARN_BLOCK_CAPTURE_AUTORELEASING = YES;
				CLANG_WARN_BOOL_CONVERSION = YES;
				CLANG_WARN_COMMA = YES;
				CLANG_WARN_CONSTANT_CONVERSION = YES;
				CLANG_WARN_DEPRECATED_OBJC_IMPLEMENTATIONS = YES;
				CLANG_WARN_DIRECT_OBJC_ISA_USAGE = YES_ERROR;
				CLANG_WARN_DOCUMENTATION_COMMENTS = YES;
				CLANG_WARN_EMPTY_BODY = YES;
				CLANG_WARN_ENUM_CONVERSION = YES;
				CLANG_WARN_INFINITE_RECURSION = YES;
				CLANG_WARN_INT_CONVERSION = YES;
				CLANG_WARN_NON_LITERAL_NULL_CONVERSION = YES;
				CLANG_WARN_OBJC_IMPLICIT_RETAIN_SELF = YES;
				CLANG_WARN_OBJC_LITERAL_CONVERSION = YES;
				CLANG_WARN_OBJC_ROOT_CLASS = YES_ERROR;
				CLANG_WARN_QUOTED_INCLUDE_IN_FRAMEWORK_HEADER = YES;
				CLANG_WARN_RANGE_LOOP_ANALYSIS = YES;
				CLANG_WARN_STRICT_PROTOTYPES = YES;
				CLANG_WARN_SUSPICIOUS_MOVE = YES;
				CLANG_WARN_UNGUARDED_AVAILABILITY = YES_AGGRESSIVE;
				CLANG_WARN_UNREACHABLE_CODE = YES;
				CLANG_WARN__DUPLICATE_METHOD_MATCH = YES;
				COPY_PHASE_STRIP = NO;
				DEBUG_INFORMATION_FORMAT = "dwarf-with-dsym";
				DEVELOPMENT_TEAM = 3X7HFG8283;
				ENABLE_NS_ASSERTIONS = NO;
				ENABLE_STRICT_OBJC_MSGSEND = YES;
				ENABLE_USER_SCRIPT_SANDBOXING = YES;
				GCC_C_LANGUAGE_STANDARD = gnu17;
				GCC_NO_COMMON_BLOCKS = YES;
				GCC_WARN_64_TO_32_BIT_CONVERSION = YES;
				GCC_WARN_ABOUT_RETURN_TYPE = YES_ERROR;
				GCC_WARN_UNDECLARED_SELECTOR = YES;
				GCC_WARN_UNINITIALIZED_AUTOS = YES_AGGRESSIVE;
				GCC_WARN_UNUSED_FUNCTION = YES;
				GCC_WARN_UNUSED_VARIABLE = YES;
				IPHONEOS_DEPLOYMENT_TARGET = 18.4;
				LOCALIZATION_PREFERS_STRING_CATALOGS = YES;
				MTL_ENABLE_DEBUG_INFO = NO;
				MTL_FAST_MATH = YES;
				SDKROOT = iphoneos;
				SWIFT_COMPILATION_MODE = wholemodule;
				VALIDATE_PRODUCT = YES;
			};
			name = Release;
		};
		005AE5482DA8DEED00C8DEEB /* Debug */ = {
			isa = XCBuildConfiguration;
			buildSettings = {
				ASSETCATALOG_COMPILER_APPICON_NAME = AppIcon;
				ASSETCATALOG_COMPILER_GLOBAL_ACCENT_COLOR_NAME = AccentColor;
				CODE_SIGN_STYLE = Automatic;
				CURRENT_PROJECT_VERSION = 1;
				DEVELOPMENT_TEAM = 3X7HFG8283;
				ENABLE_PREVIEWS = YES;
				GENERATE_INFOPLIST_FILE = YES;
				INFOPLIST_FILE = abelog/Info.plist;
				INFOPLIST_KEY_CFBundleDisplayName = "";
				INFOPLIST_KEY_LSApplicationCategoryType = "";
				INFOPLIST_KEY_NSLocationWhenInUseUsageDescription = "このアプリでは、現在地を取得して近くのレストランを探します。";
				INFOPLIST_KEY_UIApplicationSceneManifest_Generation = YES;
				INFOPLIST_KEY_UIApplicationSupportsIndirectInputEvents = YES;
				INFOPLIST_KEY_UILaunchScreen_Generation = YES;
				INFOPLIST_KEY_UISupportedInterfaceOrientations_iPad = "UIInterfaceOrientationPortrait UIInterfaceOrientationPortraitUpsideDown UIInterfaceOrientationLandscapeLeft UIInterfaceOrientationLandscapeRight";
				INFOPLIST_KEY_UISupportedInterfaceOrientations_iPhone = "UIInterfaceOrientationPortrait UIInterfaceOrientationLandscapeLeft UIInterfaceOrientationLandscapeRight";
				LD_RUNPATH_SEARCH_PATHS = (
					"$(inherited)",
					"@executable_path/Frameworks",
				);
				MARKETING_VERSION = 1.0;
				PRODUCT_BUNDLE_IDENTIFIER = com.slowbrwn.abelog;
				PRODUCT_NAME = "$(TARGET_NAME)";
				SWIFT_EMIT_LOC_STRINGS = YES;
				SWIFT_VERSION = 5.0;
				TARGETED_DEVICE_FAMILY = "1,2";
			};
			name = Debug;
		};
		005AE5492DA8DEED00C8DEEB /* Release */ = {
			isa = XCBuildConfiguration;
			buildSettings = {
				ASSETCATALOG_COMPILER_APPICON_NAME = AppIcon;
				ASSETCATALOG_COMPILER_GLOBAL_ACCENT_COLOR_NAME = AccentColor;
				CODE_SIGN_STYLE = Automatic;
				CURRENT_PROJECT_VERSION = 1;
				DEVELOPMENT_TEAM = 3X7HFG8283;
				ENABLE_PREVIEWS = YES;
				GENERATE_INFOPLIST_FILE = YES;
				INFOPLIST_FILE = abelog/Info.plist;
				INFOPLIST_KEY_CFBundleDisplayName = "";
				INFOPLIST_KEY_LSApplicationCategoryType = "";
				INFOPLIST_KEY_NSLocationWhenInUseUsageDescription = "このアプリでは、現在地を取得して近くのレストランを探します。";
				INFOPLIST_KEY_UIApplicationSceneManifest_Generation = YES;
				INFOPLIST_KEY_UIApplicationSupportsIndirectInputEvents = YES;
				INFOPLIST_KEY_UILaunchScreen_Generation = YES;
				INFOPLIST_KEY_UISupportedInterfaceOrientations_iPad = "UIInterfaceOrientationPortrait UIInterfaceOrientationPortraitUpsideDown UIInterfaceOrientationLandscapeLeft UIInterfaceOrientationLandscapeRight";
				INFOPLIST_KEY_UISupportedInterfaceOrientations_iPhone = "UIInterfaceOrientationPortrait UIInterfaceOrientationLandscapeLeft UIInterfaceOrientationLandscapeRight";
				LD_RUNPATH_SEARCH_PATHS = (
					"$(inherited)",
					"@executable_path/Frameworks",
				);
				MARKETING_VERSION = 1.0;
				PRODUCT_BUNDLE_IDENTIFIER = com.slowbrwn.abelog;
				PRODUCT_NAME = "$(TARGET_NAME)";
				SWIFT_EMIT_LOC_STRINGS = YES;
				SWIFT_VERSION = 5.0;
				TARGETED_DEVICE_FAMILY = "1,2";
			};
			name = Release;
		};
		005AE54B2DA8DEED00C8DEEB /* Debug */ = {
			isa = XCBuildConfiguration;
			buildSettings = {
				BUNDLE_LOADER = "$(TEST_HOST)";
				CODE_SIGN_STYLE = Automatic;
				CURRENT_PROJECT_VERSION = 1;
				DEVELOPMENT_TEAM = 3X7HFG8283;
				GENERATE_INFOPLIST_FILE = YES;
				IPHONEOS_DEPLOYMENT_TARGET = 18.4;
				MARKETING_VERSION = 1.0;
				PRODUCT_BUNDLE_IDENTIFIER = com.slowbrwn.abelogTests;
				PRODUCT_NAME = "$(TARGET_NAME)";
				SWIFT_EMIT_LOC_STRINGS = NO;
				SWIFT_VERSION = 5.0;
				TARGETED_DEVICE_FAMILY = "1,2";
				TEST_HOST = "$(BUILT_PRODUCTS_DIR)/abelog.app/$(BUNDLE_EXECUTABLE_FOLDER_PATH)/abelog";
			};
			name = Debug;
		};
		005AE54C2DA8DEED00C8DEEB /* Release */ = {
			isa = XCBuildConfiguration;
			buildSettings = {
				BUNDLE_LOADER = "$(TEST_HOST)";
				CODE_SIGN_STYLE = Automatic;
				CURRENT_PROJECT_VERSION = 1;
				DEVELOPMENT_TEAM = 3X7HFG8283;
				GENERATE_INFOPLIST_FILE = YES;
				IPHONEOS_DEPLOYMENT_TARGET = 18.4;
				MARKETING_VERSION = 1.0;
				PRODUCT_BUNDLE_IDENTIFIER = com.slowbrwn.abelogTests;
				PRODUCT_NAME = "$(TARGET_NAME)";
				SWIFT_EMIT_LOC_STRINGS = NO;
				SWIFT_VERSION = 5.0;
				TARGETED_DEVICE_FAMILY = "1,2";
				TEST_HOST = "$(BUILT_PRODUCTS_DIR)/abelog.app/$(BUNDLE_EXECUTABLE_FOLDER_PATH)/abelog";
			};
			name = Release;
		};
		005AE54E2DA8DEED00C8DEEB /* Debug */ = {
			isa = XCBuildConfiguration;
			buildSettings = {
				CODE_SIGN_STYLE = Automatic;
				CURRENT_PROJECT_VERSION = 1;
				DEVELOPMENT_TEAM = 3X7HFG8283;
				GENERATE_INFOPLIST_FILE = YES;
				MARKETING_VERSION = 1.0;
				PRODUCT_BUNDLE_IDENTIFIER = com.slowbrwn.abelogUITests;
				PRODUCT_NAME = "$(TARGET_NAME)";
				SWIFT_EMIT_LOC_STRINGS = NO;
				SWIFT_VERSION = 5.0;
				TARGETED_DEVICE_FAMILY = "1,2";
				TEST_TARGET_NAME = abelog;
			};
			name = Debug;
		};
		005AE54F2DA8DEED00C8DEEB /* Release */ = {
			isa = XCBuildConfiguration;
			buildSettings = {
				CODE_SIGN_STYLE = Automatic;
				CURRENT_PROJECT_VERSION = 1;
				DEVELOPMENT_TEAM = 3X7HFG8283;
				GENERATE_INFOPLIST_FILE = YES;
				MARKETING_VERSION = 1.0;
				PRODUCT_BUNDLE_IDENTIFIER = com.slowbrwn.abelogUITests;
				PRODUCT_NAME = "$(TARGET_NAME)";
				SWIFT_EMIT_LOC_STRINGS = NO;
				SWIFT_VERSION = 5.0;
				TARGETED_DEVICE_FAMILY = "1,2";
				TEST_TARGET_NAME = abelog;
			};
			name = Release;
		};
/* End XCBuildConfiguration section */

/* Begin XCConfigurationList section */
		005AE5212DA8DEEC00C8DEEB /* Build configuration list for PBXProject "abelog" */ = {
			isa = XCConfigurationList;
			buildConfigurations = (
				005AE5452DA8DEED00C8DEEB /* Debug */,
				005AE5462DA8DEED00C8DEEB /* Release */,
			);
			defaultConfigurationIsVisible = 0;
			defaultConfigurationName = Release;
		};
		005AE5472DA8DEED00C8DEEB /* Build configuration list for PBXNativeTarget "abelog" */ = {
			isa = XCConfigurationList;
			buildConfigurations = (
				005AE5482DA8DEED00C8DEEB /* Debug */,
				005AE5492DA8DEED00C8DEEB /* Release */,
			);
			defaultConfigurationIsVisible = 0;
			defaultConfigurationName = Release;
		};
		005AE54A2DA8DEED00C8DEEB /* Build configuration list for PBXNativeTarget "abelogTests" */ = {
			isa = XCConfigurationList;
			buildConfigurations = (
				005AE54B2DA8DEED00C8DEEB /* Debug */,
				005AE54C2DA8DEED00C8DEEB /* Release */,
			);
			defaultConfigurationIsVisible = 0;
			defaultConfigurationName = Release;
		};
		005AE54D2DA8DEED00C8DEEB /* Build configuration list for PBXNativeTarget "abelogUITests" */ = {
			isa = XCConfigurationList;
			buildConfigurations = (
				005AE54E2DA8DEED00C8DEEB /* Debug */,
				005AE54F2DA8DEED00C8DEEB /* Release */,
			);
			defaultConfigurationIsVisible = 0;
			defaultConfigurationName = Release;
		};
/* End XCConfigurationList section */
	};
	rootObject = 005AE51E2DA8DEEC00C8DEEB /* Project object */;
}
